
Microsoft Visual Studio Solution File, Format Version 12.00
# Visual Studio Version 17
VisualStudioVersion = 17.14.36518.9 d17.14
MinimumVisualStudioVersion = 10.0.40219.1
Project("{8BC9CEB8-8B4A-11D0-8D11-00A0C91BC942}") = "HostIPStatus", "HostIPStatus.vcxproj", "{5362DD77-41E4-4C8A-AA6C-06419FE205C8}"
EndProject
Global
	GlobalSection(SolutionConfigurationPlatforms) = preSolution
		Debug|x64 = Debug|x64
		Debug|x86 = Debug|x86
		Release|x64 = Release|x64
		Release|x86 = Release|x86
	EndGlobalSection
	GlobalSection(ProjectConfigurationPlatforms) = postSolution
		{5362DD77-41E4-4C8A-AA6C-06419FE205C8}.Debug|x64.ActiveCfg = Debug|x64
		{5362DD77-41E4-4C8A-AA6C-06419FE205C8}.Debug|x64.Build.0 = Debug|x64
		{5362DD77-41E4-4C8A-AA6C-06419FE205C8}.Debug|x86.ActiveCfg = Debug|Win32
		{5362DD77-41E4-4C8A-AA6C-06419FE205C8}.Debug|x86.Build.0 = Debug|Win32
		{5362DD77-41E4-4C8A-AA6C-06419FE205C8}.Release|x64.ActiveCfg = Release|x64
		{5362DD77-41E4-4C8A-AA6C-06419FE205C8}.Release|x64.Build.0 = Release|x64
		{5362DD77-41E4-4C8A-AA6C-06419FE205C8}.Release|x86.ActiveCfg = Release|Win32
		{5362DD77-41E4-4C8A-AA6C-06419FE205C8}.Release|x86.Build.0 = Release|Win32
	EndGlobalSection
	GlobalSection(SolutionProperties) = preSolution
		HideSolutionNode = FALSE
	EndGlobalSection
	GlobalSection(ExtensibilityGlobals) = postSolution
		SolutionGuid = {68821A0E-C124-4DB5-A00D-C726DB0DF547}
	EndGlobalSection
EndGlobal
